{
  "originHash" : "4d8af45172d7e1370eea7dc6bedba491a8912d5ca8b27477dac2910cfa473750",
  "pins" : [
    {
      "identity" : "noctweave",
      "kind" : "remoteSourceControl",
      "location" : "https://github.com/luizwidmer/Noctweave.git",
      "state" : {
        "revision" : "41a874fc68dc87898f7406b23d290b308364442b"
      }
    }
  ],
  "version" : 3
}
