{
  "originHash" : "af2afa7025c0484ee1595b456a0817b53dd6ccf9a7e6eaffd4e0d93a6da9a6ba",
  "pins" : [
    {
      "identity" : "noctweave",
      "kind" : "remoteSourceControl",
      "location" : "https://github.com/luizwidmer/Noctweave.git",
      "state" : {
        "revision" : "f8351b0412ec7f46c8fd18b4a5034d7a72f18d8f"
      }
    }
  ],
  "version" : 3
}
